
Microsoft Visual Studio Solution File, Format Version 12.00
# Visual Studio Version 16
VisualStudioVersion = 16.0.29613.14
MinimumVisualStudioVersion = 10.0.40219.1
Project("{9A19103F-16F7-4668-BE54-9A1E7A4F7556}") = "Recipes.AuthServer.API", "Recipes.AuthServer.API\Recipes.AuthServer.API.csproj", "{FF570C2F-3958-4D6F-8677-6CB594A333A9}"
EndProject
Project("{9A19103F-16F7-4668-BE54-9A1E7A4F7556}") = "Recipes.AuthServer.CrossCutting", "Recipes.AuthServer.CrossCutting\Recipes.AuthServer.CrossCutting.csproj", "{30E7C868-C0B4-43D0-894B-B9FEA23F2B43}"
EndProject
Project("{FAE04EC0-301F-11D3-BF4B-00C04F79EFBC}") = "Recipes.AuthServer.App", "Recipes.AuthServer.App\Recipes.AuthServer.App.csproj", "{08482493-FB24-4736-A6E7-D647669558F9}"
EndProject
Global
	GlobalSection(SolutionConfigurationPlatforms) = preSolution
		Debug|Any CPU = Debug|Any CPU
		Release|Any CPU = Release|Any CPU
	EndGlobalSection
	GlobalSection(ProjectConfigurationPlatforms) = postSolution
		{FF570C2F-3958-4D6F-8677-6CB594A333A9}.Debug|Any CPU.ActiveCfg = Debug|Any CPU
		{FF570C2F-3958-4D6F-8677-6CB594A333A9}.Debug|Any CPU.Build.0 = Debug|Any CPU
		{FF570C2F-3958-4D6F-8677-6CB594A333A9}.Release|Any CPU.ActiveCfg = Release|Any CPU
		{FF570C2F-3958-4D6F-8677-6CB594A333A9}.Release|Any CPU.Build.0 = Release|Any CPU
		{30E7C868-C0B4-43D0-894B-B9FEA23F2B43}.Debug|Any CPU.ActiveCfg = Debug|Any CPU
		{30E7C868-C0B4-43D0-894B-B9FEA23F2B43}.Debug|Any CPU.Build.0 = Debug|Any CPU
		{30E7C868-C0B4-43D0-894B-B9FEA23F2B43}.Release|Any CPU.ActiveCfg = Release|Any CPU
		{30E7C868-C0B4-43D0-894B-B9FEA23F2B43}.Release|Any CPU.Build.0 = Release|Any CPU
		{08482493-FB24-4736-A6E7-D647669558F9}.Debug|Any CPU.ActiveCfg = Debug|Any CPU
		{08482493-FB24-4736-A6E7-D647669558F9}.Debug|Any CPU.Build.0 = Debug|Any CPU
		{08482493-FB24-4736-A6E7-D647669558F9}.Release|Any CPU.ActiveCfg = Release|Any CPU
		{08482493-FB24-4736-A6E7-D647669558F9}.Release|Any CPU.Build.0 = Release|Any CPU
	EndGlobalSection
	GlobalSection(SolutionProperties) = preSolution
		HideSolutionNode = FALSE
	EndGlobalSection
	GlobalSection(ExtensibilityGlobals) = postSolution
		SolutionGuid = {BF4815CA-826A-443F-86C0-14FF31C64011}
	EndGlobalSection
EndGlobal
